// !$*UTF8*$!
{
	archiveVersion = 1;
	classes = {
	};
	objectVersion = 46;
	objects = {

/* Begin PBXBuildFile section */
		84AF8ED3F408CA0C7D8B5329 /* Pods_parseChat.framework in Frameworks */ = {isa = PBXBuildFile; fileRef = 650796A8BC37ECE1E5F6579C /* Pods_parseChat.framework */; };
		E10A45961CB4B6620005E8D9 /* AppDelegate.swift in Sources */ = {isa = PBXBuildFile; fileRef = E10A45951CB4B6620005E8D9 /* AppDelegate.swift */; };
		E10A45981CB4B6620005E8D9 /* LoginViewController.swift in Sources */ = {isa = PBXBuildFile; fileRef = E10A45971CB4B6620005E8D9 /* LoginViewController.swift */; };
		E10A459B1CB4B6620005E8D9 /* Main.storyboard in Resources */ = {isa = PBXBuildFile; fileRef = E10A45991CB4B6620005E8D9 /* Main.storyboard */; };
		E10A459D1CB4B6620005E8D9 /* Assets.xcassets in Resources */ = {isa = PBXBuildFile; fileRef = E10A459C1CB4B6620005E8D9 /* Assets.xcassets */; };
		E10A45A01CB4B6620005E8D9 /* LaunchScreen.storyboard in Resources */ = {isa = PBXBuildFile; fileRef = E10A459E1CB4B6620005E8D9 /* LaunchScreen.storyboard */; };
		E18CD9921CB5C7FA00350F5B /* ChatViewController.swift in Sources */ = {isa = PBXBuildFile; fileRef = E18CD9911CB5C7FA00350F5B /* ChatViewController.swift */; };
/* End PBXBuildFile section */

/* Begin PBXFileReference section */
		4F9893FB8E3FFF15A0074558 /* Pods-parseChat.release.xcconfig */ = {isa = PBXFileReference; includeInIndex = 1; lastKnownFileType = text.xcconfig; name = "Pods-parseChat.release.xcconfig"; path = "Pods/Target Support Files/Pods-parseChat/Pods-parseChat.release.xcconfig"; sourceTree = "<group>"; };
		650796A8BC37ECE1E5F6579C /* Pods_parseChat.framework */ = {isa = PBXFileReference; explicitFileType = wrapper.framework; includeInIndex = 0; path = Pods_parseChat.framework; sourceTree = BUILT_PRODUCTS_DIR; };
		84E1F4BB2AA164966905220F /* Pods-parseChat.debug.xcconfig */ = {isa = PBXFileReference; includeInIndex = 1; lastKnownFileType = text.xcconfig; name = "Pods-parseChat.debug.xcconfig"; path = "Pods/Target Support Files/Pods-parseChat/Pods-parseChat.debug.xcconfig"; sourceTree = "<group>"; };
		E10A45921CB4B6620005E8D9 /* parseChat.app */ = {isa = PBXFileReference; explicitFileType = wrapper.application; includeInIndex = 0; path = parseChat.app; sourceTree = BUILT_PRODUCTS_DIR; };
		E10A45951CB4B6620005E8D9 /* AppDelegate.swift */ = {isa = PBXFileReference; lastKnownFileType = sourcecode.swift; path = AppDelegate.swift; sourceTree = "<group>"; };
		E10A45971CB4B6620005E8D9 /* LoginViewController.swift */ = {isa = PBXFileReference; lastKnownFileType = sourcecode.swift; path = LoginViewController.swift; sourceTree = "<group>"; };
		E10A459A1CB4B6620005E8D9 /* Base */ = {isa = PBXFileReference; lastKnownFileType = file.storyboard; name = Base; path = Base.lproj/Main.storyboard; sourceTree = "<group>"; };
		E10A459C1CB4B6620005E8D9 /* Assets.xcassets */ = {isa = PBXFileReference; lastKnownFileType = folder.assetcatalog; path = Assets.xcassets; sourceTree = "<group>"; };
		E10A459F1CB4B6620005E8D9 /* Base */ = {isa = PBXFileReference; lastKnownFileType = file.storyboard; name = Base; path = Base.lproj/LaunchScreen.storyboard; sourceTree = "<group>"; };
		E10A45A11CB4B6620005E8D9 /* Info.plist */ = {isa = PBXFileReference; lastKnownFileType = text.plist.xml; path = Info.plist; sourceTree = "<group>"; };
		E18CD9911CB5C7FA00350F5B /* ChatViewController.swift */ = {isa = PBXFileReference; fileEncoding = 4; lastKnownFileType = sourcecode.swift; path = ChatViewController.swift; sourceTree = "<group>"; };
/* End PBXFileReference section */

/* Begin PBXFrameworksBuildPhase section */
		E10A458F1CB4B6620005E8D9 /* Frameworks */ = {
			isa = PBXFrameworksBuildPhase;
			buildActionMask = 2147483647;
			files = (
				84AF8ED3F408CA0C7D8B5329 /* Pods_parseChat.framework in Frameworks */,
			);
			runOnlyForDeploymentPostprocessing = 0;
		};
/* End PBXFrameworksBuildPhase section */

/* Begin PBXGroup section */
		0D79287388FF66C993C5E26D /* Pods */ = {
			isa = PBXGroup;
			children = (
				84E1F4BB2AA164966905220F /* Pods-parseChat.debug.xcconfig */,
				4F9893FB8E3FFF15A0074558 /* Pods-parseChat.release.xcconfig */,
			);
			name = Pods;
			sourceTree = "<group>";
		};
		E10A45891CB4B6620005E8D9 = {
			isa = PBXGroup;
			children = (
				E10A45941CB4B6620005E8D9 /* parseChat */,
				E10A45931CB4B6620005E8D9 /* Products */,
				0D79287388FF66C993C5E26D /* Pods */,
				EEA21FD02A8DE76647CFF9D8 /* Frameworks */,
			);
			sourceTree = "<group>";
		};
		E10A45931CB4B6620005E8D9 /* Products */ = {
			isa = PBXGroup;
			children = (
				E10A45921CB4B6620005E8D9 /* parseChat.app */,
			);
			name = Products;
			sourceTree = "<group>";
		};
		E10A45941CB4B6620005E8D9 /* parseChat */ = {
			isa = PBXGroup;
			children = (
				E10A45951CB4B6620005E8D9 /* AppDelegate.swift */,
				E10A45971CB4B6620005E8D9 /* LoginViewController.swift */,
				E18CD9911CB5C7FA00350F5B /* ChatViewController.swift */,
				E10A45991CB4B6620005E8D9 /* Main.storyboard */,
				E10A459C1CB4B6620005E8D9 /* Assets.xcassets */,
				E10A459E1CB4B6620005E8D9 /* LaunchScreen.storyboard */,
				E10A45A11CB4B6620005E8D9 /* Info.plist */,
			);
			path = parseChat;
			sourceTree = "<group>";
		};
		EEA21FD02A8DE76647CFF9D8 /* Frameworks */ = {
			isa = PBXGroup;
			children = (
				650796A8BC37ECE1E5F6579C /* Pods_parseChat.framework */,
			);
			name = Frameworks;
			sourceTree = "<group>";
		};
/* End PBXGroup section */

/* Begin PBXNativeTarget section */
		E10A45911CB4B6620005E8D9 /* parseChat */ = {
			isa = PBXNativeTarget;
			buildConfigurationList = E10A45A41CB4B6620005E8D9 /* Build configuration list for PBXNativeTarget "parseChat" */;
			buildPhases = (
				E1971583597B84489E3621C4 /* Check Pods Manifest.lock */,
				E10A458E1CB4B6620005E8D9 /* Sources */,
				E10A458F1CB4B6620005E8D9 /* Frameworks */,
				E10A45901CB4B6620005E8D9 /* Resources */,
				FBB9319C26B89D55AE00D035 /* Embed Pods Frameworks */,
				251A3908D0FBBF81419FA769 /* Copy Pods Resources */,
			);
			buildRules = (
			);
			dependencies = (
			);
			name = parseChat;
			productName = parseChat;
			productReference = E10A45921CB4B6620005E8D9 /* parseChat.app */;
			productType = "com.apple.product-type.application";
		};
/* End PBXNativeTarget section */

/* Begin PBXProject section */
		E10A458A1CB4B6620005E8D9 /* Project object */ = {
			isa = PBXProject;
			attributes = {
				LastSwiftUpdateCheck = 0730;
				LastUpgradeCheck = 0730;
				ORGANIZATIONNAME = "Jay Liew";
				TargetAttributes = {
					E10A45911CB4B6620005E8D9 = {
						CreatedOnToolsVersion = 7.3;
					};
				};
			};
			buildConfigurationList = E10A458D1CB4B6620005E8D9 /* Build configuration list for PBXProject "parseChat" */;
			compatibilityVersion = "Xcode 3.2";
			developmentRegion = English;
			hasScannedForEncodings = 0;
			knownRegions = (
				en,
				Base,
			);
			mainGroup = E10A45891CB4B6620005E8D9;
			productRefGroup = E10A45931CB4B6620005E8D9 /* Products */;
			projectDirPath = "";
			projectRoot = "";
			targets = (
				E10A45911CB4B6620005E8D9 /* parseChat */,
			);
		};
/* End PBXProject section */

/* Begin PBXResourcesBuildPhase section */
		E10A45901CB4B6620005E8D9 /* Resources */ = {
			isa = PBXResourcesBuildPhase;
			buildActionMask = 2147483647;
			files = (
				E10A45A01CB4B6620005E8D9 /* LaunchScreen.storyboard in Resources */,
				E10A459D1CB4B6620005E8D9 /* Assets.xcassets in Resources */,
				E10A459B1CB4B6620005E8D9 /* Main.storyboard in Resources */,
			);
			runOnlyForDeploymentPostprocessing = 0;
		};
/* End PBXResourcesBuildPhase section */

/* Begin PBXShellScriptBuildPhase section */
		251A3908D0FBBF81419FA769 /* Copy Pods Resources */ = {
			isa = PBXShellScriptBuildPhase;
			buildActionMask = 2147483647;
			files = (
			);
			inputPaths = (
			);
			name = "Copy Pods Resources";
			outputPaths = (
			);
			runOnlyForDeploymentPostprocessing = 0;
			shellPath = /bin/sh;
			shellScript = "\"${SRCROOT}/Pods/Target Support Files/Pods-parseChat/Pods-parseChat-resources.sh\"\n";
			showEnvVarsInLog = 0;
		};
		E1971583597B84489E3621C4 /* Check Pods Manifest.lock */ = {
			isa = PBXShellScriptBuildPhase;
			buildActionMask = 2147483647;
			files = (
			);
			inputPaths = (
			);
			name = "Check Pods Manifest.lock";
			outputPaths = (
			);
			runOnlyForDeploymentPostprocessing = 0;
			shellPath = /bin/sh;
			shellScript = "diff \"${PODS_ROOT}/../Podfile.lock\" \"${PODS_ROOT}/Manifest.lock\" > /dev/null\nif [[ $? != 0 ]] ; then\n    cat << EOM\nerror: The sandbox is not in sync with the Podfile.lock. Run 'pod install' or update your CocoaPods installation.\nEOM\n    exit 1\nfi\n";
			showEnvVarsInLog = 0;
		};
		FBB9319C26B89D55AE00D035 /* Embed Pods Frameworks */ = {
			isa = PBXShellScriptBuildPhase;
			buildActionMask = 2147483647;
			files = (
			);
			inputPaths = (
			);
			name = "Embed Pods Frameworks";
			outputPaths = (
			);
			runOnlyForDeploymentPostprocessing = 0;
			shellPath = /bin/sh;
			shellScript = "\"${SRCROOT}/Pods/Target Support Files/Pods-parseChat/Pods-parseChat-frameworks.sh\"\n";
			showEnvVarsInLog = 0;
		};
/* End PBXShellScriptBuildPhase section */

/* Begin PBXSourcesBuildPhase section */
		E10A458E1CB4B6620005E8D9 /* Sources */ = {
			isa = PBXSourcesBuildPhase;
			buildActionMask = 2147483647;
			files = (
				E10A45981CB4B6620005E8D9 /* LoginViewController.swift in Sources */,
				E18CD9921CB5C7FA00350F5B /* ChatViewController.swift in Sources */,
				E10A45961CB4B6620005E8D9 /* AppDelegate.swift in Sources */,
			);
			runOnlyForDeploymentPostprocessing = 0;
		};
/* End PBXSourcesBuildPhase section */

/* Begin PBXVariantGroup section */
		E10A45991CB4B6620005E8D9 /* Main.storyboard */ = {
			isa = PBXVariantGroup;
			children = (
				E10A459A1CB4B6620005E8D9 /* Base */,
			);
			name = Main.storyboard;
			sourceTree = "<group>";
		};
		E10A459E1CB4B6620005E8D9 /* LaunchScreen.storyboard */ = {
			isa = PBXVariantGroup;
			children = (
				E10A459F1CB4B6620005E8D9 /* Base */,
			);
			name = LaunchScreen.storyboard;
			sourceTree = "<group>";
		};
/* End PBXVariantGroup section */

/* Begin XCBuildConfiguration section */
		E10A45A21CB4B6620005E8D9 /* Debug */ = {
			isa = XCBuildConfiguration;
			buildSettings = {
				ALWAYS_SEARCH_USER_PATHS = NO;
				CLANG_ANALYZER_NONNULL = YES;
				CLANG_CXX_LANGUAGE_STANDARD = "gnu++0x";
				CLANG_CXX_LIBRARY = "libc++";
				CLANG_ENABLE_MODULES = YES;
				CLANG_ENABLE_OBJC_ARC = YES;
				CLANG_WARN_BOOL_CONVERSION = YES;
				CLANG_WARN_CONSTANT_CONVERSION = YES;
				CLANG_WARN_DIRECT_OBJC_ISA_USAGE = YES_ERROR;
				CLANG_WARN_EMPTY_BODY = YES;
				CLANG_WARN_ENUM_CONVERSION = YES;
				CLANG_WARN_INT_CONVERSION = YES;
				CLANG_WARN_OBJC_ROOT_CLASS = YES_ERROR;
				CLANG_WARN_UNREACHABLE_CODE = YES;
				CLANG_WARN__DUPLICATE_METHOD_MATCH = YES;
				"CODE_SIGN_IDENTITY[sdk=iphoneos*]" = "iPhone Developer";
				COPY_PHASE_STRIP = NO;
				DEBUG_INFORMATION_FORMAT = dwarf;
				ENABLE_STRICT_OBJC_MSGSEND = YES;
				ENABLE_TESTABILITY = YES;
				GCC_C_LANGUAGE_STANDARD = gnu99;
				GCC_DYNAMIC_NO_PIC = NO;
				GCC_NO_COMMON_BLOCKS = YES;
				GCC_OPTIMIZATION_LEVEL = 0;
				GCC_PREPROCESSOR_DEFINITIONS = (
					"DEBUG=1",
					"$(inherited)",
				);
				GCC_WARN_64_TO_32_BIT_CONVERSION = YES;
				GCC_WARN_ABOUT_RETURN_TYPE = YES_ERROR;
				GCC_WARN_UNDECLARED_SELECTOR = YES;
				GCC_WARN_UNINITIALIZED_AUTOS = YES_AGGRESSIVE;
				GCC_WARN_UNUSED_FUNCTION = YES;
				GCC_WARN_UNUSED_VARIABLE = YES;
				IPHONEOS_DEPLOYMENT_TARGET = 9.3;
				MTL_ENABLE_DEBUG_INFO = YES;
				ONLY_ACTIVE_ARCH = YES;
				SDKROOT = iphoneos;
				SWIFT_OPTIMIZATION_LEVEL = "-Onone";
				TARGETED_DEVICE_FAMILY = "1,2";
			};
			name = Debug;
		};
		E10A45A31CB4B6620005E8D9 /* Release */ = {
			isa = XCBuildConfiguration;
			buildSettings = {
				ALWAYS_SEARCH_USER_PATHS = NO;
				CLANG_ANALYZER_NONNULL = YES;
				CLANG_CXX_LANGUAGE_STANDARD = "gnu++0x";
				CLANG_CXX_LIBRARY = "libc++";
				CLANG_ENABLE_MODULES = YES;
				CLANG_ENABLE_OBJC_ARC = YES;
				CLANG_WARN_BOOL_CONVERSION = YES;
				CLANG_WARN_CONSTANT_CONVERSION = YES;
				CLANG_WARN_DIRECT_OBJC_ISA_USAGE = YES_ERROR;
				CLANG_WARN_EMPTY_BODY = YES;
				CLANG_WARN_ENUM_CONVERSION = YES;
				CLANG_WARN_INT_CONVERSION = YES;
				CLANG_WARN_OBJC_ROOT_CLASS = YES_ERROR;
				CLANG_WARN_UNREACHABLE_CODE = YES;
				CLANG_WARN__DUPLICATE_METHOD_MATCH = YES;
				"CODE_SIGN_IDENTITY[sdk=iphoneos*]" = "iPhone Developer";
				COPY_PHASE_STRIP = NO;
				DEBUG_INFORMATION_FORMAT = "dwarf-with-dsym";
				ENABLE_NS_ASSERTIONS = NO;
				ENABLE_STRICT_OBJC_MSGSEND = YES;
				GCC_C_LANGUAGE_STANDARD = gnu99;
				GCC_NO_COMMON_BLOCKS = YES;
				GCC_WARN_64_TO_32_BIT_CONVERSION = YES;
				GCC_WARN_ABOUT_RETURN_TYPE = YES_ERROR;
				GCC_WARN_UNDECLARED_SELECTOR = YES;
				GCC_WARN_UNINITIALIZED_AUTOS = YES_AGGRESSIVE;
				GCC_WARN_UNUSED_FUNCTION = YES;
				GCC_WARN_UNUSED_VARIABLE = YES;
				IPHONEOS_DEPLOYMENT_TARGET = 9.3;
				MTL_ENABLE_DEBUG_INFO = NO;
				SDKROOT = iphoneos;
				TARGETED_DEVICE_FAMILY = "1,2";
				VALIDATE_PRODUCT = YES;
			};
			name = Release;
		};
		E10A45A51CB4B6620005E8D9 /* Debug */ = {
			isa = XCBuildConfiguration;
			baseConfigurationReference = 84E1F4BB2AA164966905220F /* Pods-parseChat.debug.xcconfig */;
			buildSettings = {
				ASSETCATALOG_COMPILER_APPICON_NAME = AppIcon;
				INFOPLIST_FILE = parseChat/Info.plist;
				LD_RUNPATH_SEARCH_PATHS = "$(inherited) @executable_path/Frameworks";
				PRODUCT_BUNDLE_IDENTIFIER = com.jayliew.parseChat;
				PRODUCT_NAME = "$(TARGET_NAME)";
			};
			name = Debug;
		};
		E10A45A61CB4B6620005E8D9 /* Release */ = {
			isa = XCBuildConfiguration;
			baseConfigurationReference = 4F9893FB8E3FFF15A0074558 /* Pods-parseChat.release.xcconfig */;
			buildSettings = {
				ASSETCATALOG_COMPILER_APPICON_NAME = AppIcon;
				INFOPLIST_FILE = parseChat/Info.plist;
				LD_RUNPATH_SEARCH_PATHS = "$(inherited) @executable_path/Frameworks";
				PRODUCT_BUNDLE_IDENTIFIER = com.jayliew.parseChat;
				PRODUCT_NAME = "$(TARGET_NAME)";
			};
			name = Release;
		};
/* End XCBuildConfiguration section */

/* Begin XCConfigurationList section */
		E10A458D1CB4B6620005E8D9 /* Build configuration list for PBXProject "parseChat" */ = {
			isa = XCConfigurationList;
			buildConfigurations = (
				E10A45A21CB4B6620005E8D9 /* Debug */,
				E10A45A31CB4B6620005E8D9 /* Release */,
			);
			defaultConfigurationIsVisible = 0;
			defaultConfigurationName = Release;
		};
		E10A45A41CB4B6620005E8D9 /* Build configuration list for PBXNativeTarget "parseChat" */ = {
			isa = XCConfigurationList;
			buildConfigurations = (
				E10A45A51CB4B6620005E8D9 /* Debug */,
				E10A45A61CB4B6620005E8D9 /* Release */,
			);
			defaultConfigurationIsVisible = 0;
			defaultConfigurationName = Release;
		};
/* End XCConfigurationList section */
	};
	rootObject = E10A458A1CB4B6620005E8D9 /* Project object */;
}
